
Microsoft Visual Studio Solution File, Format Version 12.00
# Visual Studio Version 16
VisualStudioVersion = 16.0.31624.102
MinimumVisualStudioVersion = 10.0.40219.1
Project("{FAE04EC0-301F-11D3-BF4B-00C04F79EFBC}") = "Calendar", "Calendar\Calendar.csproj", "{891C58D1-D075-4953-B2B2-2CD6F0446195}"
EndProject
Global
	GlobalSection(SolutionConfigurationPlatforms) = preSolution
		Debug|Any CPU = Debug|Any CPU
		Release|Any CPU = Release|Any CPU
	EndGlobalSection
	GlobalSection(ProjectConfigurationPlatforms) = postSolution
		{891C58D1-D075-4953-B2B2-2CD6F0446195}.Debug|Any CPU.ActiveCfg = Debug|Any CPU
		{891C58D1-D075-4953-B2B2-2CD6F0446195}.Debug|Any CPU.Build.0 = Debug|Any CPU
		{891C58D1-D075-4953-B2B2-2CD6F0446195}.Release|Any CPU.ActiveCfg = Release|Any CPU
		{891C58D1-D075-4953-B2B2-2CD6F0446195}.Release|Any CPU.Build.0 = Release|Any CPU
	EndGlobalSection
	GlobalSection(SolutionProperties) = preSolution
		HideSolutionNode = FALSE
	EndGlobalSection
	GlobalSection(ExtensibilityGlobals) = postSolution
		SolutionGuid = {ED07B996-97EF-4713-A320-B1823F5E5EEE}
	EndGlobalSection
EndGlobal
